
Microsoft Visual Studio Solution File, Format Version 12.00
# Visual Studio Version 17
VisualStudioVersion = 17.3.32825.248
MinimumVisualStudioVersion = 10.0.40219.1
Project("{FAE04EC0-301F-11D3-BF4B-00C04F79EFBC}") = "KółkoIkrzyżyk", "KółkoIkrzyżyk\KółkoIkrzyżyk.csproj", "{59917A62-7A3E-4E75-9E28-7C9462E54EFA}"
EndProject
Global
	GlobalSection(SolutionConfigurationPlatforms) = preSolution
		Debug|Any CPU = Debug|Any CPU
		Release|Any CPU = Release|Any CPU
	EndGlobalSection
	GlobalSection(ProjectConfigurationPlatforms) = postSolution
		{59917A62-7A3E-4E75-9E28-7C9462E54EFA}.Debug|Any CPU.ActiveCfg = Debug|Any CPU
		{59917A62-7A3E-4E75-9E28-7C9462E54EFA}.Debug|Any CPU.Build.0 = Debug|Any CPU
		{59917A62-7A3E-4E75-9E28-7C9462E54EFA}.Release|Any CPU.ActiveCfg = Release|Any CPU
		{59917A62-7A3E-4E75-9E28-7C9462E54EFA}.Release|Any CPU.Build.0 = Release|Any CPU
	EndGlobalSection
	GlobalSection(SolutionProperties) = preSolution
		HideSolutionNode = FALSE
	EndGlobalSection
	GlobalSection(ExtensibilityGlobals) = postSolution
		SolutionGuid = {786F29F9-60E4-4891-A2DA-DC3354DC2F00}
	EndGlobalSection
EndGlobal
